
Microsoft Visual Studio Solution File, Format Version 12.00
# Visual Studio Version 17
VisualStudioVersion = 17.7.34202.233
MinimumVisualStudioVersion = 10.0.40219.1
Project("{FAE04EC0-301F-11D3-BF4B-00C04F79EFBC}") = "ShopingProject", "ShopingProject\ShopingProject.csproj", "{19421DE1-6E6E-4D2B-92F0-82F4161498E3}"
EndProject
Global
	GlobalSection(SolutionConfigurationPlatforms) = preSolution
		Debug|Any CPU = Debug|Any CPU
		Release|Any CPU = Release|Any CPU
	EndGlobalSection
	GlobalSection(ProjectConfigurationPlatforms) = postSolution
		{19421DE1-6E6E-4D2B-92F0-82F4161498E3}.Debug|Any CPU.ActiveCfg = Debug|Any CPU
		{19421DE1-6E6E-4D2B-92F0-82F4161498E3}.Debug|Any CPU.Build.0 = Debug|Any CPU
		{19421DE1-6E6E-4D2B-92F0-82F4161498E3}.Release|Any CPU.ActiveCfg = Release|Any CPU
		{19421DE1-6E6E-4D2B-92F0-82F4161498E3}.Release|Any CPU.Build.0 = Release|Any CPU
	EndGlobalSection
	GlobalSection(SolutionProperties) = preSolution
		HideSolutionNode = FALSE
	EndGlobalSection
	GlobalSection(ExtensibilityGlobals) = postSolution
		SolutionGuid = {95F869E6-D30C-4C27-ACF8-EBE5D63437FA}
	EndGlobalSection
EndGlobal
